
Microsoft Visual Studio Solution File, Format Version 12.00
# Visual Studio Version 17
VisualStudioVersion = 17.4.33213.308
MinimumVisualStudioVersion = 10.0.40219.1
Project("{D2ABAB84-BF74-430A-B69E-9DC6D40DDA17}") = "Create Data Mart Analysis Services", "Create Data Mart Analysis Services\Create Data Mart Analysis Services.dwproj", "{5A46150E-9842-45A5-BFD1-428F7E08CD0B}"
EndProject
Global
	GlobalSection(SolutionConfigurationPlatforms) = preSolution
		Development|Default = Development|Default
	EndGlobalSection
	GlobalSection(ProjectConfigurationPlatforms) = postSolution
		{5A46150E-9842-45A5-BFD1-428F7E08CD0B}.Development|Default.ActiveCfg = Development
		{5A46150E-9842-45A5-BFD1-428F7E08CD0B}.Development|Default.Build.0 = Development
		{5A46150E-9842-45A5-BFD1-428F7E08CD0B}.Development|Default.Deploy.0 = Development
	EndGlobalSection
	GlobalSection(SolutionProperties) = preSolution
		HideSolutionNode = FALSE
	EndGlobalSection
	GlobalSection(ExtensibilityGlobals) = postSolution
		SolutionGuid = {E8DACE34-5691-4F34-8E8C-5081B8F6C5A9}
	EndGlobalSection
EndGlobal
