
Microsoft Visual Studio Solution File, Format Version 12.00
# Visual Studio Version 17
VisualStudioVersion = 17.4.33213.308
MinimumVisualStudioVersion = 10.0.40219.1
Project("{C9674DCB-5085-4A16-B785-4C70DD1589BD}") = "Data Mart", "Data Mart\Data Mart.dtproj", "{DB905F1C-B649-400B-A524-A73A33C63145}"
EndProject
Global
	GlobalSection(SolutionConfigurationPlatforms) = preSolution
		Development|Default = Development|Default
	EndGlobalSection
	GlobalSection(ProjectConfigurationPlatforms) = postSolution
		{DB905F1C-B649-400B-A524-A73A33C63145}.Development|Default.ActiveCfg = Development
		{DB905F1C-B649-400B-A524-A73A33C63145}.Development|Default.Build.0 = Development
	EndGlobalSection
	GlobalSection(SolutionProperties) = preSolution
		HideSolutionNode = FALSE
	EndGlobalSection
	GlobalSection(ExtensibilityGlobals) = postSolution
		SolutionGuid = {7300D0FD-6065-40CF-96E1-7E900A9CB7F1}
	EndGlobalSection
EndGlobal
