
Microsoft Visual Studio Solution File, Format Version 12.00
# Visual Studio Version 17
VisualStudioVersion = 17.4.33213.308
MinimumVisualStudioVersion = 10.0.40219.1
Project("{D2ABAB84-BF74-430A-B69E-9DC6D40DDA17}") = "Create Data Mart Analysis Services", "Create Data Mart Analysis Services\Create Data Mart Analysis Services.dwproj", "{E1DAAFA6-B87C-47F4-A79F-68FC3A74B98F}"
EndProject
Global
	GlobalSection(SolutionConfigurationPlatforms) = preSolution
		Development|Default = Development|Default
	EndGlobalSection
	GlobalSection(ProjectConfigurationPlatforms) = postSolution
		{E1DAAFA6-B87C-47F4-A79F-68FC3A74B98F}.Development|Default.ActiveCfg = Development
		{E1DAAFA6-B87C-47F4-A79F-68FC3A74B98F}.Development|Default.Build.0 = Development
		{E1DAAFA6-B87C-47F4-A79F-68FC3A74B98F}.Development|Default.Deploy.0 = Development
	EndGlobalSection
	GlobalSection(SolutionProperties) = preSolution
		HideSolutionNode = FALSE
	EndGlobalSection
	GlobalSection(ExtensibilityGlobals) = postSolution
		SolutionGuid = {A8719DC2-4482-43AD-B56D-AEA1240DC42F}
	EndGlobalSection
EndGlobal
